# THIS IS AN AUTOGENERATED FILE. DO NOT EDIT THIS FILE DIRECTLY.
# yarn lockfile v1


"@patternfly/pfe-icon@^1.11.0":
  version "1.11.0"
  resolved "https://registry.yarnpkg.com/@patternfly/pfe-icon/-/pfe-icon-1.11.0.tgz#d8f46a74fde6335e59a419860f2841d0c57e79d7"
  integrity sha512-JhKaYm9PoTE1Ns4OcoBNNstR+slD3yl/n1KiKQ6g5q+vB0cMYNqUcF4ZvcMvWXNq4HuWezDA66bAy95rdnf8LA==
  dependencies:
    "@patternfly/pfelement" "^1.11.0"

"@patternfly/pfelement@^1.11.0":
  version "1.11.0"
  resolved "https://registry.yarnpkg.com/@patternfly/pfelement/-/pfelement-1.11.0.tgz#af8f7307fd8b1556e0917068d15ae1d6fe6f6c93"
  integrity sha512-4NRYccwaUm7G7IBdbB64SLCCIRmFQP2xMTMMoDv43a6/N13X2N6wONvwAeIwFrb24EHzyWdlY3zxJuP8i1idYg==
