# THIS IS AN AUTOGENERATED FILE. DO NOT EDIT THIS FILE DIRECTLY.
# yarn lockfile v1


zooming@^2.1.1:
  version "2.1.1"
  resolved "https://registry.yarnpkg.com/zooming/-/zooming-2.1.1.tgz#3e05006b4e10335235ca626244d053d90a9c7e72"
  integrity sha512-Z38dkZRQsFNBE67+xDBQLNKMs5J1Gc+s3/zO6iezTrC24VYLJV7YPBdBDJmiLhff5qa6Awxv4wsjqx3oYz2MYA==
